<?xml version="1.0" encoding="utf-8"?>
<Project ToolsVersion="4.0" xmlns="http://schemas.microsoft.com/developer/msbuild/2003">
  <ItemGroup>
    <Filter Include="Resource Files">
      <UniqueIdentifier>{D9D6E242-F8AF-46E4-B9FD-80ECBC20BA3E}</UniqueIdentifier>
      <Extensions>qrc;*</Extensions>
      <ParseFiles>false</ParseFiles>
    </Filter>
    <Filter Include="Generated Files">
      <UniqueIdentifier>{71ED8ED8-ACB9-4CE9-BBE1-E00B30144E11}</UniqueIdentifier>
      <Extensions>moc;h;cpp</Extensions>
      <SourceControlFiles>False</SourceControlFiles>
    </Filter>
    <Filter Include="Generated Files\Release">
      <UniqueIdentifier>{b042d9e3-a3c5-4288-866a-ef96ebde3878}</UniqueIdentifier>
      <Extensions>cpp;moc</Extensions>
      <SourceControlFiles>False</SourceControlFiles>
    </Filter>
    <Filter Include="Generated Files\Debug">
      <UniqueIdentifier>{a682703c-dd1c-4e4f-a876-d36cfa2556cd}</UniqueIdentifier>
      <Extensions>cpp;moc</Extensions>
      <SourceControlFiles>False</SourceControlFiles>
    </Filter>
    <Filter Include="Generated Files\Template">
      <UniqueIdentifier>{2a4047c9-5aad-42f7-8dd6-e15eab81558f}</UniqueIdentifier>
      <Extensions>cpp;moc</Extensions>
      <SourceControlFiles>False</SourceControlFiles>
    </Filter>
    <Filter Include="Thumb">
      <UniqueIdentifier>{f56f7f91-2939-479e-b6dd-79ebbb712756}</UniqueIdentifier>
    </Filter>
    <Filter Include="AltTab">
      <UniqueIdentifier>{bcb2839c-efb3-4952-98cc-07aebc5d5f5c}</UniqueIdentifier>
    </Filter>
    <Filter Include="src">
      <UniqueIdentifier>{4FC737F1-C7A5-4376-A066-2A32D752A2FF}</UniqueIdentifier>
      <Extensions>cpp;cxx;c;def</Extensions>
    </Filter>
    <Filter Include="Qqt">
      <UniqueIdentifier>{9483fc36-a4b8-48f2-9ffd-d03c683c032f}</UniqueIdentifier>
    </Filter>
    <Filter Include="Qqt\DB">
      <UniqueIdentifier>{47294d2b-427e-474e-9894-849a4445abc4}</UniqueIdentifier>
    </Filter>
    <Filter Include="ImageView">
      <UniqueIdentifier>{10cbff92-e7d4-40eb-a840-4d0a76ff6ceb}</UniqueIdentifier>
    </Filter>
  </ItemGroup>
  <ItemGroup>
    <ClCompile Include="main.cpp">
      <Filter>src</Filter>
    </ClCompile>
    <ClCompile Include="GeneratedFiles\qrc_crosimage.cpp">
      <Filter>Generated Files</Filter>
    </ClCompile>
    <ClCompile Include="GeneratedFiles\Release\moc_ThumbModel.cpp">
      <Filter>Generated Files\Release</Filter>
    </ClCompile>
    <ClCompile Include="GeneratedFiles\Debug\moc_ThumbModel.cpp">
      <Filter>Generated Files\Debug</Filter>
    </ClCompile>
    <ClCompile Include="pch.cpp">
      <Filter>src</Filter>
    </ClCompile>
    <ClCompile Include="GeneratedFiles\Debug\moc_CMainWindow.cpp">
      <Filter>Generated Files\Debug</Filter>
    </ClCompile>
    <ClCompile Include="GeneratedFiles\Release\moc_CMainWindow.cpp">
      <Filter>Generated Files\Release</Filter>
    </ClCompile>
    <ClCompile Include="GeneratedFiles\Template\moc_CMainWindow.cpp">
      <Filter>Generated Files\Template</Filter>
    </ClCompile>
    <ClCompile Include="ThumbView.cpp">
      <Filter>Thumb</Filter>
    </ClCompile>
    <ClCompile Include="ThumbModel.cpp">
      <Filter>Thumb</Filter>
    </ClCompile>
    <ClCompile Include="ThumbDelegate.cpp">
      <Filter>Thumb</Filter>
    </ClCompile>
    <ClCompile Include="ThumbCache.cpp">
      <Filter>Thumb</Filter>
    </ClCompile>
    <ClCompile Include="ThumbWorker.cpp">
      <Filter>Thumb</Filter>
    </ClCompile>
    <ClCompile Include="GeneratedFiles\Debug\moc_ThumbWorker.cpp">
      <Filter>Generated Files\Debug</Filter>
    </ClCompile>
    <ClCompile Include="GeneratedFiles\Release\moc_ThumbWorker.cpp">
      <Filter>Generated Files\Release</Filter>
    </ClCompile>
    <ClCompile Include="GeneratedFiles\Template\moc_ThumbWorker.cpp">
      <Filter>Generated Files\Template</Filter>
    </ClCompile>
    <ClCompile Include="GeneratedFiles\Debug\moc_ThumbCache.cpp">
      <Filter>Generated Files\Debug</Filter>
    </ClCompile>
    <ClCompile Include="GeneratedFiles\Release\moc_ThumbCache.cpp">
      <Filter>Generated Files\Release</Filter>
    </ClCompile>
    <ClCompile Include="GeneratedFiles\Template\moc_ThumbCache.cpp">
      <Filter>Generated Files\Template</Filter>
    </ClCompile>
    <ClCompile Include="GeneratedFiles\Debug\moc_ThumbView.cpp">
      <Filter>Generated Files\Debug</Filter>
    </ClCompile>
    <ClCompile Include="GeneratedFiles\Release\moc_ThumbView.cpp">
      <Filter>Generated Files\Release</Filter>
    </ClCompile>
    <ClCompile Include="GeneratedFiles\Template\moc_ThumbView.cpp">
      <Filter>Generated Files\Template</Filter>
    </ClCompile>
    <ClCompile Include="ThumbDirPainter.cpp">
      <Filter>Thumb</Filter>
    </ClCompile>
    <ClCompile Include="FileSystemThread.cpp">
      <Filter>Thumb</Filter>
    </ClCompile>
    <ClCompile Include="GeneratedFiles\Debug\moc_FileSystemThread.cpp">
      <Filter>Generated Files\Debug</Filter>
    </ClCompile>
    <ClCompile Include="GeneratedFiles\Release\moc_FileSystemThread.cpp">
      <Filter>Generated Files\Release</Filter>
    </ClCompile>
    <ClCompile Include="GeneratedFiles\Template\moc_FileSystemThread.cpp">
      <Filter>Generated Files\Template</Filter>
    </ClCompile>
    <ClCompile Include="ImageView.cpp">
      <Filter>ImageView</Filter>
    </ClCompile>
    <ClCompile Include="GeneratedFiles\Debug\moc_ImageView.cpp">
      <Filter>Generated Files\Debug</Filter>
    </ClCompile>
    <ClCompile Include="GeneratedFiles\Release\moc_ImageView.cpp">
      <Filter>Generated Files\Release</Filter>
    </ClCompile>
    <ClCompile Include="GeneratedFiles\Template\moc_ImageView.cpp">
      <Filter>Generated Files\Template</Filter>
    </ClCompile>
    <ClCompile Include="ImgDbWorker.cpp">
      <Filter>src</Filter>
    </ClCompile>
    <ClCompile Include="CApplication.cpp">
      <Filter>src</Filter>
    </ClCompile>
    <ClCompile Include="CMainWindow.cpp">
      <Filter>src</Filter>
    </ClCompile>
    <ClCompile Include="DirCache.cpp">
      <Filter>src</Filter>
    </ClCompile>
    <ClCompile Include="DirCacheItem.cpp">
      <Filter>src</Filter>
    </ClCompile>
    <ClCompile Include="GeneratedFiles\Debug\moc_CApplication.cpp">
      <Filter>Generated Files\Debug</Filter>
    </ClCompile>
    <ClCompile Include="GeneratedFiles\Release\moc_CApplication.cpp">
      <Filter>Generated Files\Release</Filter>
    </ClCompile>
    <ClCompile Include="GeneratedFiles\Template\moc_CApplication.cpp">
      <Filter>Generated Files\Template</Filter>
    </ClCompile>
    <ClCompile Include="AltTabView.cpp">
      <Filter>AltTab</Filter>
    </ClCompile>
    <ClCompile Include="GeneratedFiles\Debug\moc_AltTabView.cpp">
      <Filter>Generated Files\Debug</Filter>
    </ClCompile>
    <ClCompile Include="GeneratedFiles\Release\moc_AltTabView.cpp">
      <Filter>Generated Files\Release</Filter>
    </ClCompile>
    <ClCompile Include="GeneratedFiles\Template\moc_AltTabView.cpp">
      <Filter>Generated Files\Template</Filter>
    </ClCompile>
    <ClCompile Include="AltTabLabel.cpp">
      <Filter>AltTab</Filter>
    </ClCompile>
    <ClCompile Include="Qqt\AbstractButtonPropertyRedirects.cpp">
      <Filter>Qqt</Filter>
    </ClCompile>
    <ClCompile Include="Qqt\AbstractSpinBoxPropertyRedirects.cpp">
      <Filter>Qqt</Filter>
    </ClCompile>
    <ClCompile Include="Qqt\Action.cpp">
      <Filter>Qqt</Filter>
    </ClCompile>
    <ClCompile Include="Qqt\BoxLayout.cpp">
      <Filter>Qqt</Filter>
    </ClCompile>
    <ClCompile Include="Qqt\ButtonGroup.cpp">
      <Filter>Qqt</Filter>
    </ClCompile>
    <ClCompile Include="Qqt\CheckBox.cpp">
      <Filter>Qqt</Filter>
    </ClCompile>
    <ClCompile Include="Qqt\ComboBox.cpp">
      <Filter>Qqt</Filter>
    </ClCompile>
    <ClCompile Include="Qqt\CompactHBoxLayout.cpp">
      <Filter>Qqt</Filter>
    </ClCompile>
    <ClCompile Include="Qqt\CompactVBoxLayout.cpp">
      <Filter>Qqt</Filter>
    </ClCompile>
    <ClCompile Include="Qqt\DirString.cpp">
      <Filter>Qqt</Filter>
    </ClCompile>
    <ClCompile Include="Qqt\FileFacility.cpp">
      <Filter>Qqt</Filter>
    </ClCompile>
    <ClCompile Include="Qqt\FileReader.cpp">
      <Filter>Qqt</Filter>
    </ClCompile>
    <ClCompile Include="Qqt\FileWriter.cpp">
      <Filter>Qqt</Filter>
    </ClCompile>
    <ClCompile Include="Qqt\FormLayout.cpp">
      <Filter>Qqt</Filter>
    </ClCompile>
    <ClCompile Include="Qqt\GridLayout.cpp">
      <Filter>Qqt</Filter>
    </ClCompile>
    <ClCompile Include="Qqt\GroupBox.cpp">
      <Filter>Qqt</Filter>
    </ClCompile>
    <ClCompile Include="Qqt\HBoxLayout.cpp">
      <Filter>Qqt</Filter>
    </ClCompile>
    <ClCompile Include="Qqt\Label.cpp">
      <Filter>Qqt</Filter>
    </ClCompile>
    <ClCompile Include="Qqt\Layout.cpp">
      <Filter>Qqt</Filter>
    </ClCompile>
    <ClCompile Include="Qqt\LineEdit.cpp">
      <Filter>Qqt</Filter>
    </ClCompile>
    <ClCompile Include="Qqt\Menu.cpp">
      <Filter>Qqt</Filter>
    </ClCompile>
    <ClCompile Include="Qqt\MenuButton.cpp">
      <Filter>Qqt</Filter>
    </ClCompile>
    <ClCompile Include="Qqt\MsgBox.cpp">
      <Filter>Qqt</Filter>
    </ClCompile>
    <ClCompile Include="Qqt\Object.cpp">
      <Filter>Qqt</Filter>
    </ClCompile>
    <ClCompile Include="Qqt\Parser.cpp">
      <Filter>Qqt</Filter>
    </ClCompile>
    <ClCompile Include="Qqt\ProgressBar.cpp">
      <Filter>Qqt</Filter>
    </ClCompile>
    <ClCompile Include="Qqt\PushButton.cpp">
      <Filter>Qqt</Filter>
    </ClCompile>
    <ClCompile Include="Qqt\RadioButton.cpp">
      <Filter>Qqt</Filter>
    </ClCompile>
    <ClCompile Include="Qqt\ReadStatus.cpp">
      <Filter>Qqt</Filter>
    </ClCompile>
    <ClCompile Include="Qqt\RotatableToolBar.cpp">
      <Filter>Qqt</Filter>
    </ClCompile>
    <ClCompile Include="GeneratedFiles\Debug\moc_RotatableToolBar.cpp">
      <Filter>Generated Files\Debug</Filter>
    </ClCompile>
    <ClCompile Include="GeneratedFiles\Release\moc_RotatableToolBar.cpp">
      <Filter>Generated Files\Release</Filter>
    </ClCompile>
    <ClCompile Include="GeneratedFiles\Template\moc_RotatableToolBar.cpp">
      <Filter>Generated Files\Template</Filter>
    </ClCompile>
    <ClCompile Include="Qqt\Settings.cpp">
      <Filter>Qqt</Filter>
    </ClCompile>
    <ClCompile Include="Qqt\SignalEmitter.cpp">
      <Filter>Qqt</Filter>
    </ClCompile>
    <ClCompile Include="GeneratedFiles\Debug\moc_SignalEmitter.cpp">
      <Filter>Generated Files\Debug</Filter>
    </ClCompile>
    <ClCompile Include="GeneratedFiles\Release\moc_SignalEmitter.cpp">
      <Filter>Generated Files\Release</Filter>
    </ClCompile>
    <ClCompile Include="GeneratedFiles\Template\moc_SignalEmitter.cpp">
      <Filter>Generated Files\Template</Filter>
    </ClCompile>
    <ClCompile Include="Qqt\SpinBox.cpp">
      <Filter>Qqt</Filter>
    </ClCompile>
    <ClCompile Include="Qqt\Splitter.cpp">
      <Filter>Qqt</Filter>
    </ClCompile>
    <ClCompile Include="Qqt\TabWidget.cpp">
      <Filter>Qqt</Filter>
    </ClCompile>
    <ClCompile Include="Qqt\ToolBar.cpp">
      <Filter>Qqt</Filter>
    </ClCompile>
    <ClCompile Include="Qqt\ToolButton.cpp">
      <Filter>Qqt</Filter>
    </ClCompile>
    <ClCompile Include="Qqt\ToString.cpp">
      <Filter>Qqt</Filter>
    </ClCompile>
    <ClCompile Include="Qqt\VBoxLayout.cpp">
      <Filter>Qqt</Filter>
    </ClCompile>
    <ClCompile Include="Qqt\Widget.cpp">
      <Filter>Qqt</Filter>
    </ClCompile>
    <ClCompile Include="Qqt\WidgetPropertyRedirects.cpp">
      <Filter>Qqt</Filter>
    </ClCompile>
    <ClCompile Include="Qqt\includeMore.cpp">
      <Filter>Qqt</Filter>
    </ClCompile>
    <ClCompile Include="Qqt\DB\DbWorker.cpp">
      <Filter>Qqt\DB</Filter>
    </ClCompile>
    <ClCompile Include="Qqt\DB\PreparedSqlQuery.cpp">
      <Filter>Qqt\DB</Filter>
    </ClCompile>
    <ClCompile Include="Qqt\DB\SqliteDb.cpp">
      <Filter>Qqt\DB</Filter>
    </ClCompile>
    <ClCompile Include="SettingsDialog.cpp">
      <Filter>src</Filter>
    </ClCompile>
    <ClCompile Include="Qqt\DialogButtonBox.cpp">
      <Filter>Qqt</Filter>
    </ClCompile>
    <ClCompile Include="ThumbVideoWorker.cpp">
      <Filter>Thumb</Filter>
    </ClCompile>
  </ItemGroup>
  <ItemGroup>
    <CustomBuild Include="crosimage.qrc">
      <Filter>Resource Files</Filter>
    </CustomBuild>
    <CustomBuild Include="ThumbModel.h">
      <Filter>Thumb</Filter>
    </CustomBuild>
    <CustomBuild Include="ThumbView.h">
      <Filter>Thumb</Filter>
    </CustomBuild>
    <CustomBuild Include="ThumbWorker.h">
      <Filter>Thumb</Filter>
    </CustomBuild>
    <CustomBuild Include="ThumbCache.h">
      <Filter>Thumb</Filter>
    </CustomBuild>
    <CustomBuild Include="FileSystemThread.h">
      <Filter>Thumb</Filter>
    </CustomBuild>
    <CustomBuild Include="ImageView.h">
      <Filter>ImageView</Filter>
    </CustomBuild>
    <CustomBuild Include="CMainWindow.h">
      <Filter>src</Filter>
    </CustomBuild>
    <CustomBuild Include="CApplication.h">
      <Filter>src</Filter>
    </CustomBuild>
    <CustomBuild Include="AltTabView.h">
      <Filter>AltTab</Filter>
    </CustomBuild>
    <CustomBuild Include="pch.h">
      <Filter>src</Filter>
    </CustomBuild>
    <CustomBuild Include="Qqt\RotatableToolBar.h">
      <Filter>Qqt</Filter>
    </CustomBuild>
    <CustomBuild Include="Qqt\SignalEmitter.h">
      <Filter>Qqt</Filter>
    </CustomBuild>
  </ItemGroup>
  <ItemGroup>
    <ClInclude Include="ThumbDelegate.h">
      <Filter>Thumb</Filter>
    </ClInclude>
    <ClInclude Include="ThumbDirPainter.h">
      <Filter>Thumb</Filter>
    </ClInclude>
    <ClInclude Include="ImgDbWorker.h">
      <Filter>src</Filter>
    </ClInclude>
    <ClInclude Include="DirCache.h">
      <Filter>src</Filter>
    </ClInclude>
    <ClInclude Include="DirCacheItem.h">
      <Filter>src</Filter>
    </ClInclude>
    <ClInclude Include="AltTabLabel.h">
      <Filter>AltTab</Filter>
    </ClInclude>
    <ClInclude Include="Qqt\AbstractButtonPropertyRedirects.h">
      <Filter>Qqt</Filter>
    </ClInclude>
    <ClInclude Include="Qqt\AbstractSpinBoxPropertyRedirects.h">
      <Filter>Qqt</Filter>
    </ClInclude>
    <ClInclude Include="Qqt\Action.h">
      <Filter>Qqt</Filter>
    </ClInclude>
    <ClInclude Include="Qqt\BoxLayout.h">
      <Filter>Qqt</Filter>
    </ClInclude>
    <ClInclude Include="Qqt\ButtonGroup.h">
      <Filter>Qqt</Filter>
    </ClInclude>
    <ClInclude Include="Qqt\ByteArrayWithDataStream.h">
      <Filter>Qqt</Filter>
    </ClInclude>
    <ClInclude Include="Qqt\CheckBox.h">
      <Filter>Qqt</Filter>
    </ClInclude>
    <ClInclude Include="Qqt\ComboBox.h">
      <Filter>Qqt</Filter>
    </ClInclude>
    <ClInclude Include="Qqt\CompactHBoxLayout.h">
      <Filter>Qqt</Filter>
    </ClInclude>
    <ClInclude Include="Qqt\CompactVBoxLayout.h">
      <Filter>Qqt</Filter>
    </ClInclude>
    <ClInclude Include="Qqt\CtorProcessorT.h">
      <Filter>Qqt</Filter>
    </ClInclude>
    <ClInclude Include="Qqt\DirString.h">
      <Filter>Qqt</Filter>
    </ClInclude>
    <ClInclude Include="Qqt\FileFacility.h">
      <Filter>Qqt</Filter>
    </ClInclude>
    <ClInclude Include="Qqt\FileReader.h">
      <Filter>Qqt</Filter>
    </ClInclude>
    <ClInclude Include="Qqt\FileWriter.h">
      <Filter>Qqt</Filter>
    </ClInclude>
    <ClInclude Include="Qqt\FormLayout.h">
      <Filter>Qqt</Filter>
    </ClInclude>
    <ClInclude Include="Qqt\GridLayout.h">
      <Filter>Qqt</Filter>
    </ClInclude>
    <ClInclude Include="Qqt\GroupBox.h">
      <Filter>Qqt</Filter>
    </ClInclude>
    <ClInclude Include="Qqt\HBoxLayout.h">
      <Filter>Qqt</Filter>
    </ClInclude>
    <ClInclude Include="Qqt\includeMe.h">
      <Filter>Qqt</Filter>
    </ClInclude>
    <ClInclude Include="Qqt\Label.h">
      <Filter>Qqt</Filter>
    </ClInclude>
    <ClInclude Include="Qqt\Layout.h">
      <Filter>Qqt</Filter>
    </ClInclude>
    <ClInclude Include="Qqt\LineEdit.h">
      <Filter>Qqt</Filter>
    </ClInclude>
    <ClInclude Include="Qqt\Menu.h">
      <Filter>Qqt</Filter>
    </ClInclude>
    <ClInclude Include="Qqt\MenuButton.h">
      <Filter>Qqt</Filter>
    </ClInclude>
    <ClInclude Include="Qqt\MsgBox.h">
      <Filter>Qqt</Filter>
    </ClInclude>
    <ClInclude Include="Qqt\New.h">
      <Filter>Qqt</Filter>
    </ClInclude>
    <ClInclude Include="Qqt\Object.h">
      <Filter>Qqt</Filter>
    </ClInclude>
    <ClInclude Include="Qqt\Parser.h">
      <Filter>Qqt</Filter>
    </ClInclude>
    <ClInclude Include="Qqt\preprocessor.h">
      <Filter>Qqt</Filter>
    </ClInclude>
    <ClInclude Include="Qqt\ProgressBar.h">
      <Filter>Qqt</Filter>
    </ClInclude>
    <ClInclude Include="Qqt\PropertyRedirect.h">
      <Filter>Qqt</Filter>
    </ClInclude>
    <ClInclude Include="Qqt\PushButton.h">
      <Filter>Qqt</Filter>
    </ClInclude>
    <ClInclude Include="Qqt\RadioButton.h">
      <Filter>Qqt</Filter>
    </ClInclude>
    <ClInclude Include="Qqt\ReadStatus.h">
      <Filter>Qqt</Filter>
    </ClInclude>
    <ClInclude Include="Qqt\Settings.h">
      <Filter>Qqt</Filter>
    </ClInclude>
    <ClInclude Include="Qqt\SpinBox.h">
      <Filter>Qqt</Filter>
    </ClInclude>
    <ClInclude Include="Qqt\Splitter.h">
      <Filter>Qqt</Filter>
    </ClInclude>
    <ClInclude Include="Qqt\TabWidget.h">
      <Filter>Qqt</Filter>
    </ClInclude>
    <ClInclude Include="Qqt\ToolBar.h">
      <Filter>Qqt</Filter>
    </ClInclude>
    <ClInclude Include="Qqt\ToolButton.h">
      <Filter>Qqt</Filter>
    </ClInclude>
    <ClInclude Include="Qqt\TopResult.h">
      <Filter>Qqt</Filter>
    </ClInclude>
    <ClInclude Include="Qqt\ToString.h">
      <Filter>Qqt</Filter>
    </ClInclude>
    <ClInclude Include="Qqt\VBoxLayout.h">
      <Filter>Qqt</Filter>
    </ClInclude>
    <ClInclude Include="Qqt\Widget.h">
      <Filter>Qqt</Filter>
    </ClInclude>
    <ClInclude Include="Qqt\WidgetPropertyRedirects.h">
      <Filter>Qqt</Filter>
    </ClInclude>
    <ClInclude Include="Qqt\includeMore.h">
      <Filter>Qqt</Filter>
    </ClInclude>
    <ClInclude Include="Qqt\DB\DbWorker.h">
      <Filter>Qqt\DB</Filter>
    </ClInclude>
    <ClInclude Include="Qqt\DB\PreparedSqlQuery.h">
      <Filter>Qqt\DB</Filter>
    </ClInclude>
    <ClInclude Include="Qqt\DB\SqliteDb.h">
      <Filter>Qqt\DB</Filter>
    </ClInclude>
    <ClInclude Include="SettingsDialog.h">
      <Filter>src</Filter>
    </ClInclude>
    <ClInclude Include="Qqt\DialogButtonBox.h">
      <Filter>Qqt</Filter>
    </ClInclude>
    <ClInclude Include="ThumbVideoWorker.h">
      <Filter>Thumb</Filter>
    </ClInclude>
  </ItemGroup>
  <ItemGroup>
    <Image Include="images\folder-down-24.png">
      <Filter>Resource Files</Filter>
    </Image>
    <Image Include="images\folder-up-24.png">
      <Filter>Resource Files</Filter>
    </Image>
  </ItemGroup>
</Project>